
Microsoft Visual Studio Solution File, Format Version 12.00
# Visual Studio Version 16
VisualStudioVersion = 16.0.31624.102
MinimumVisualStudioVersion = 10.0.40219.1
Project("{9A19103F-16F7-4668-BE54-9A1E7A4F7556}") = "Tutorial", "Tutorial\Tutorial.csproj", "{8696A996-3B1F-4D33-AAA5-01932DED8782}"
EndProject
Project("{9A19103F-16F7-4668-BE54-9A1E7A4F7556}") = "BO", "BO\BO.csproj", "{ECE52465-3238-4C7A-BC8F-ED3E8441B3E9}"
EndProject
Project("{9A19103F-16F7-4668-BE54-9A1E7A4F7556}") = "BLL", "BLL\BLL.csproj", "{C9924F12-6BBF-43F7-97EF-E7294C347252}"
EndProject
Project("{9A19103F-16F7-4668-BE54-9A1E7A4F7556}") = "DAL", "DAL\DAL.csproj", "{F5517404-DF21-4EE6-9AD3-6579FC02662E}"
EndProject
Project("{9A19103F-16F7-4668-BE54-9A1E7A4F7556}") = "TutorialApi", "TutorialApi\TutorialApi.csproj", "{581F168B-A43C-4B77-BDF9-4E8E8610BEB0}"
EndProject
Project("{FAE04EC0-301F-11D3-BF4B-00C04F79EFBC}") = "TestService", "TestService\TestService.csproj", "{F5E04566-5BA0-42D4-ADE9-0A33B387F954}"
EndProject
Project("{FAE04EC0-301F-11D3-BF4B-00C04F79EFBC}") = "DapperConsole", "DapperConsole\DapperConsole.csproj", "{235D7234-1FE7-4225-AFE6-D2B8885B4447}"
EndProject
Global
	GlobalSection(SolutionConfigurationPlatforms) = preSolution
		Debug|Any CPU = Debug|Any CPU
		Release|Any CPU = Release|Any CPU
	EndGlobalSection
	GlobalSection(ProjectConfigurationPlatforms) = postSolution
		{8696A996-3B1F-4D33-AAA5-01932DED8782}.Debug|Any CPU.ActiveCfg = Debug|Any CPU
		{8696A996-3B1F-4D33-AAA5-01932DED8782}.Debug|Any CPU.Build.0 = Debug|Any CPU
		{8696A996-3B1F-4D33-AAA5-01932DED8782}.Release|Any CPU.ActiveCfg = Release|Any CPU
		{8696A996-3B1F-4D33-AAA5-01932DED8782}.Release|Any CPU.Build.0 = Release|Any CPU
		{ECE52465-3238-4C7A-BC8F-ED3E8441B3E9}.Debug|Any CPU.ActiveCfg = Debug|Any CPU
		{ECE52465-3238-4C7A-BC8F-ED3E8441B3E9}.Debug|Any CPU.Build.0 = Debug|Any CPU
		{ECE52465-3238-4C7A-BC8F-ED3E8441B3E9}.Release|Any CPU.ActiveCfg = Release|Any CPU
		{ECE52465-3238-4C7A-BC8F-ED3E8441B3E9}.Release|Any CPU.Build.0 = Release|Any CPU
		{C9924F12-6BBF-43F7-97EF-E7294C347252}.Debug|Any CPU.ActiveCfg = Debug|Any CPU
		{C9924F12-6BBF-43F7-97EF-E7294C347252}.Debug|Any CPU.Build.0 = Debug|Any CPU
		{C9924F12-6BBF-43F7-97EF-E7294C347252}.Release|Any CPU.ActiveCfg = Release|Any CPU
		{C9924F12-6BBF-43F7-97EF-E7294C347252}.Release|Any CPU.Build.0 = Release|Any CPU
		{F5517404-DF21-4EE6-9AD3-6579FC02662E}.Debug|Any CPU.ActiveCfg = Debug|Any CPU
		{F5517404-DF21-4EE6-9AD3-6579FC02662E}.Debug|Any CPU.Build.0 = Debug|Any CPU
		{F5517404-DF21-4EE6-9AD3-6579FC02662E}.Release|Any CPU.ActiveCfg = Release|Any CPU
		{F5517404-DF21-4EE6-9AD3-6579FC02662E}.Release|Any CPU.Build.0 = Release|Any CPU
		{581F168B-A43C-4B77-BDF9-4E8E8610BEB0}.Debug|Any CPU.ActiveCfg = Debug|Any CPU
		{581F168B-A43C-4B77-BDF9-4E8E8610BEB0}.Debug|Any CPU.Build.0 = Debug|Any CPU
		{581F168B-A43C-4B77-BDF9-4E8E8610BEB0}.Release|Any CPU.ActiveCfg = Release|Any CPU
		{581F168B-A43C-4B77-BDF9-4E8E8610BEB0}.Release|Any CPU.Build.0 = Release|Any CPU
		{F5E04566-5BA0-42D4-ADE9-0A33B387F954}.Debug|Any CPU.ActiveCfg = Debug|Any CPU
		{F5E04566-5BA0-42D4-ADE9-0A33B387F954}.Debug|Any CPU.Build.0 = Debug|Any CPU
		{F5E04566-5BA0-42D4-ADE9-0A33B387F954}.Release|Any CPU.ActiveCfg = Release|Any CPU
		{F5E04566-5BA0-42D4-ADE9-0A33B387F954}.Release|Any CPU.Build.0 = Release|Any CPU
		{235D7234-1FE7-4225-AFE6-D2B8885B4447}.Debug|Any CPU.ActiveCfg = Debug|Any CPU
		{235D7234-1FE7-4225-AFE6-D2B8885B4447}.Debug|Any CPU.Build.0 = Debug|Any CPU
		{235D7234-1FE7-4225-AFE6-D2B8885B4447}.Release|Any CPU.ActiveCfg = Release|Any CPU
		{235D7234-1FE7-4225-AFE6-D2B8885B4447}.Release|Any CPU.Build.0 = Release|Any CPU
	EndGlobalSection
	GlobalSection(SolutionProperties) = preSolution
		HideSolutionNode = FALSE
	EndGlobalSection
	GlobalSection(ExtensibilityGlobals) = postSolution
		SolutionGuid = {819E10B9-C9E5-4E1F-B2A6-C047C2A0FF99}
	EndGlobalSection
EndGlobal
